
Microsoft Visual Studio Solution File, Format Version 12.00
# Visual Studio 15
VisualStudioVersion = 15.0.26124.0
MinimumVisualStudioVersion = 15.0.26124.0
Project("{2150E333-8FDC-42A3-9474-1A3956D46DE8}") = "src", "src", "{ADE0C589-B3EF-440C-9FD2-39A0DAF4C7C0}"
EndProject
Project("{FAE04EC0-301F-11D3-BF4B-00C04F79EFBC}") = "Com.Danliris.Service.Packing.Inventory.WebApi", "src\Com.Danliris.Service.Packing.Inventory.WebApi\Com.Danliris.Service.Packing.Inventory.WebApi.csproj", "{8F32C4DC-26A3-4E00-83A4-C48842770E1F}"
EndProject
Project("{FAE04EC0-301F-11D3-BF4B-00C04F79EFBC}") = "Com.Danliris.Service.Packing.Inventory.Application", "src\Com.Danliris.Service.Packing.Inventory.Application\Com.Danliris.Service.Packing.Inventory.Application.csproj", "{BC85D690-84B7-4A59-90CA-ED4DF6BCFC24}"
EndProject
Project("{FAE04EC0-301F-11D3-BF4B-00C04F79EFBC}") = "Com.Danliris.Service.Packing.Inventory.Infrastructure", "src\Com.Danliris.Service.Packing.Inventory.Infrastructure\Com.Danliris.Service.Packing.Inventory.Infrastructure.csproj", "{0F521EAC-0711-474D-B16E-47A234BC3C57}"
EndProject
Project("{FAE04EC0-301F-11D3-BF4B-00C04F79EFBC}") = "Com.Danliris.Service.Packing.Inventory.Data", "src\Com.Danliris.Service.Packing.Inventory.Data\Com.Danliris.Service.Packing.Inventory.Data.csproj", "{03E04BD0-B6E3-44BB-A9F2-B991A66C38B2}"
EndProject
Global
	GlobalSection(SolutionConfigurationPlatforms) = preSolution
		Debug|Any CPU = Debug|Any CPU
		Debug|x64 = Debug|x64
		Debug|x86 = Debug|x86
		Release|Any CPU = Release|Any CPU
		Release|x64 = Release|x64
		Release|x86 = Release|x86
	EndGlobalSection
	GlobalSection(SolutionProperties) = preSolution
		HideSolutionNode = FALSE
	EndGlobalSection
	GlobalSection(ProjectConfigurationPlatforms) = postSolution
		{8F32C4DC-26A3-4E00-83A4-C48842770E1F}.Debug|Any CPU.ActiveCfg = Debug|Any CPU
		{8F32C4DC-26A3-4E00-83A4-C48842770E1F}.Debug|Any CPU.Build.0 = Debug|Any CPU
		{8F32C4DC-26A3-4E00-83A4-C48842770E1F}.Debug|x64.ActiveCfg = Debug|Any CPU
		{8F32C4DC-26A3-4E00-83A4-C48842770E1F}.Debug|x64.Build.0 = Debug|Any CPU
		{8F32C4DC-26A3-4E00-83A4-C48842770E1F}.Debug|x86.ActiveCfg = Debug|Any CPU
		{8F32C4DC-26A3-4E00-83A4-C48842770E1F}.Debug|x86.Build.0 = Debug|Any CPU
		{8F32C4DC-26A3-4E00-83A4-C48842770E1F}.Release|Any CPU.ActiveCfg = Release|Any CPU
		{8F32C4DC-26A3-4E00-83A4-C48842770E1F}.Release|Any CPU.Build.0 = Release|Any CPU
		{8F32C4DC-26A3-4E00-83A4-C48842770E1F}.Release|x64.ActiveCfg = Release|Any CPU
		{8F32C4DC-26A3-4E00-83A4-C48842770E1F}.Release|x64.Build.0 = Release|Any CPU
		{8F32C4DC-26A3-4E00-83A4-C48842770E1F}.Release|x86.ActiveCfg = Release|Any CPU
		{8F32C4DC-26A3-4E00-83A4-C48842770E1F}.Release|x86.Build.0 = Release|Any CPU
		{BC85D690-84B7-4A59-90CA-ED4DF6BCFC24}.Debug|Any CPU.ActiveCfg = Debug|Any CPU
		{BC85D690-84B7-4A59-90CA-ED4DF6BCFC24}.Debug|Any CPU.Build.0 = Debug|Any CPU
		{BC85D690-84B7-4A59-90CA-ED4DF6BCFC24}.Debug|x64.ActiveCfg = Debug|Any CPU
		{BC85D690-84B7-4A59-90CA-ED4DF6BCFC24}.Debug|x64.Build.0 = Debug|Any CPU
		{BC85D690-84B7-4A59-90CA-ED4DF6BCFC24}.Debug|x86.ActiveCfg = Debug|Any CPU
		{BC85D690-84B7-4A59-90CA-ED4DF6BCFC24}.Debug|x86.Build.0 = Debug|Any CPU
		{BC85D690-84B7-4A59-90CA-ED4DF6BCFC24}.Release|Any CPU.ActiveCfg = Release|Any CPU
		{BC85D690-84B7-4A59-90CA-ED4DF6BCFC24}.Release|Any CPU.Build.0 = Release|Any CPU
		{BC85D690-84B7-4A59-90CA-ED4DF6BCFC24}.Release|x64.ActiveCfg = Release|Any CPU
		{BC85D690-84B7-4A59-90CA-ED4DF6BCFC24}.Release|x64.Build.0 = Release|Any CPU
		{BC85D690-84B7-4A59-90CA-ED4DF6BCFC24}.Release|x86.ActiveCfg = Release|Any CPU
		{BC85D690-84B7-4A59-90CA-ED4DF6BCFC24}.Release|x86.Build.0 = Release|Any CPU
		{0F521EAC-0711-474D-B16E-47A234BC3C57}.Debug|Any CPU.ActiveCfg = Debug|Any CPU
		{0F521EAC-0711-474D-B16E-47A234BC3C57}.Debug|Any CPU.Build.0 = Debug|Any CPU
		{0F521EAC-0711-474D-B16E-47A234BC3C57}.Debug|x64.ActiveCfg = Debug|Any CPU
		{0F521EAC-0711-474D-B16E-47A234BC3C57}.Debug|x64.Build.0 = Debug|Any CPU
		{0F521EAC-0711-474D-B16E-47A234BC3C57}.Debug|x86.ActiveCfg = Debug|Any CPU
		{0F521EAC-0711-474D-B16E-47A234BC3C57}.Debug|x86.Build.0 = Debug|Any CPU
		{0F521EAC-0711-474D-B16E-47A234BC3C57}.Release|Any CPU.ActiveCfg = Release|Any CPU
		{0F521EAC-0711-474D-B16E-47A234BC3C57}.Release|Any CPU.Build.0 = Release|Any CPU
		{0F521EAC-0711-474D-B16E-47A234BC3C57}.Release|x64.ActiveCfg = Release|Any CPU
		{0F521EAC-0711-474D-B16E-47A234BC3C57}.Release|x64.Build.0 = Release|Any CPU
		{0F521EAC-0711-474D-B16E-47A234BC3C57}.Release|x86.ActiveCfg = Release|Any CPU
		{0F521EAC-0711-474D-B16E-47A234BC3C57}.Release|x86.Build.0 = Release|Any CPU
		{03E04BD0-B6E3-44BB-A9F2-B991A66C38B2}.Debug|Any CPU.ActiveCfg = Debug|Any CPU
		{03E04BD0-B6E3-44BB-A9F2-B991A66C38B2}.Debug|Any CPU.Build.0 = Debug|Any CPU
		{03E04BD0-B6E3-44BB-A9F2-B991A66C38B2}.Debug|x64.ActiveCfg = Debug|Any CPU
		{03E04BD0-B6E3-44BB-A9F2-B991A66C38B2}.Debug|x64.Build.0 = Debug|Any CPU
		{03E04BD0-B6E3-44BB-A9F2-B991A66C38B2}.Debug|x86.ActiveCfg = Debug|Any CPU
		{03E04BD0-B6E3-44BB-A9F2-B991A66C38B2}.Debug|x86.Build.0 = Debug|Any CPU
		{03E04BD0-B6E3-44BB-A9F2-B991A66C38B2}.Release|Any CPU.ActiveCfg = Release|Any CPU
		{03E04BD0-B6E3-44BB-A9F2-B991A66C38B2}.Release|Any CPU.Build.0 = Release|Any CPU
		{03E04BD0-B6E3-44BB-A9F2-B991A66C38B2}.Release|x64.ActiveCfg = Release|Any CPU
		{03E04BD0-B6E3-44BB-A9F2-B991A66C38B2}.Release|x64.Build.0 = Release|Any CPU
		{03E04BD0-B6E3-44BB-A9F2-B991A66C38B2}.Release|x86.ActiveCfg = Release|Any CPU
		{03E04BD0-B6E3-44BB-A9F2-B991A66C38B2}.Release|x86.Build.0 = Release|Any CPU
	EndGlobalSection
	GlobalSection(NestedProjects) = preSolution
		{8F32C4DC-26A3-4E00-83A4-C48842770E1F} = {ADE0C589-B3EF-440C-9FD2-39A0DAF4C7C0}
		{BC85D690-84B7-4A59-90CA-ED4DF6BCFC24} = {ADE0C589-B3EF-440C-9FD2-39A0DAF4C7C0}
		{0F521EAC-0711-474D-B16E-47A234BC3C57} = {ADE0C589-B3EF-440C-9FD2-39A0DAF4C7C0}
		{03E04BD0-B6E3-44BB-A9F2-B991A66C38B2} = {ADE0C589-B3EF-440C-9FD2-39A0DAF4C7C0}
	EndGlobalSection
EndGlobal
